
Microsoft Visual Studio Solution File, Format Version 12.00
# Visual Studio Version 16
VisualStudioVersion = 16.0.29521.150
MinimumVisualStudioVersion = 10.0.40219.1
Project("{9A19103F-16F7-4668-BE54-9A1E7A4F7556}") = "por-blazor", "por-blazor.csproj", "{4BA016EE-D84F-491C-B85E-22543DEB94EB}"
EndProject
Project("{9A19103F-16F7-4668-BE54-9A1E7A4F7556}") = "Celin.PO", "..\Celin.PO\Celin.PO.csproj", "{9DA92712-6012-4931-AE0A-D3FFACD6C4D7}"
EndProject
Global
	GlobalSection(SolutionConfigurationPlatforms) = preSolution
		Debug|Any CPU = Debug|Any CPU
		Release|Any CPU = Release|Any CPU
	EndGlobalSection
	GlobalSection(ProjectConfigurationPlatforms) = postSolution
		{4BA016EE-D84F-491C-B85E-22543DEB94EB}.Debug|Any CPU.ActiveCfg = Debug|Any CPU
		{4BA016EE-D84F-491C-B85E-22543DEB94EB}.Debug|Any CPU.Build.0 = Debug|Any CPU
		{4BA016EE-D84F-491C-B85E-22543DEB94EB}.Release|Any CPU.ActiveCfg = Release|Any CPU
		{4BA016EE-D84F-491C-B85E-22543DEB94EB}.Release|Any CPU.Build.0 = Release|Any CPU
		{9DA92712-6012-4931-AE0A-D3FFACD6C4D7}.Debug|Any CPU.ActiveCfg = Debug|Any CPU
		{9DA92712-6012-4931-AE0A-D3FFACD6C4D7}.Debug|Any CPU.Build.0 = Debug|Any CPU
		{9DA92712-6012-4931-AE0A-D3FFACD6C4D7}.Release|Any CPU.ActiveCfg = Release|Any CPU
		{9DA92712-6012-4931-AE0A-D3FFACD6C4D7}.Release|Any CPU.Build.0 = Release|Any CPU
	EndGlobalSection
	GlobalSection(SolutionProperties) = preSolution
		HideSolutionNode = FALSE
	EndGlobalSection
	GlobalSection(ExtensibilityGlobals) = postSolution
		SolutionGuid = {5FC4576C-34B8-49CB-9179-C0413B0AFA84}
	EndGlobalSection
EndGlobal
